
Microsoft Visual Studio Solution File, Format Version 12.00
# Visual Studio Version 16
VisualStudioVersion = 16.0.30406.217
MinimumVisualStudioVersion = 10.0.40219.1
Project("{FAE04EC0-301F-11D3-BF4B-00C04F79EFBC}") = "BlazorBlogTemplate.Server", "BlazorBlogTemplate\Server\BlazorBlogTemplate.Server.csproj", "{8DB7414A-020D-4165-BB36-51FBBC496342}"
EndProject
Project("{FAE04EC0-301F-11D3-BF4B-00C04F79EFBC}") = "BlazorBlogTemplate.Client", "BlazorBlogTemplate\Client\BlazorBlogTemplate.Client.csproj", "{5AA083DF-E52C-43E2-833E-00F5D46596F6}"
EndProject
Project("{FAE04EC0-301F-11D3-BF4B-00C04F79EFBC}") = "BlazorBlogTemplate.Shared", "BlazorBlogTemplate\Shared\BlazorBlogTemplate.Shared.csproj", "{9BED30CF-1A6B-4AA9-B016-8567589D65A2}"
EndProject
Global
	GlobalSection(SolutionConfigurationPlatforms) = preSolution
		Debug|Any CPU = Debug|Any CPU
		Release|Any CPU = Release|Any CPU
	EndGlobalSection
	GlobalSection(ProjectConfigurationPlatforms) = postSolution
		{8DB7414A-020D-4165-BB36-51FBBC496342}.Debug|Any CPU.ActiveCfg = Debug|Any CPU
		{8DB7414A-020D-4165-BB36-51FBBC496342}.Debug|Any CPU.Build.0 = Debug|Any CPU
		{8DB7414A-020D-4165-BB36-51FBBC496342}.Release|Any CPU.ActiveCfg = Release|Any CPU
		{8DB7414A-020D-4165-BB36-51FBBC496342}.Release|Any CPU.Build.0 = Release|Any CPU
		{5AA083DF-E52C-43E2-833E-00F5D46596F6}.Debug|Any CPU.ActiveCfg = Debug|Any CPU
		{5AA083DF-E52C-43E2-833E-00F5D46596F6}.Debug|Any CPU.Build.0 = Debug|Any CPU
		{5AA083DF-E52C-43E2-833E-00F5D46596F6}.Release|Any CPU.ActiveCfg = Release|Any CPU
		{5AA083DF-E52C-43E2-833E-00F5D46596F6}.Release|Any CPU.Build.0 = Release|Any CPU
		{9BED30CF-1A6B-4AA9-B016-8567589D65A2}.Debug|Any CPU.ActiveCfg = Debug|Any CPU
		{9BED30CF-1A6B-4AA9-B016-8567589D65A2}.Debug|Any CPU.Build.0 = Debug|Any CPU
		{9BED30CF-1A6B-4AA9-B016-8567589D65A2}.Release|Any CPU.ActiveCfg = Release|Any CPU
		{9BED30CF-1A6B-4AA9-B016-8567589D65A2}.Release|Any CPU.Build.0 = Release|Any CPU
	EndGlobalSection
	GlobalSection(SolutionProperties) = preSolution
		HideSolutionNode = FALSE
	EndGlobalSection
	GlobalSection(ExtensibilityGlobals) = postSolution
		SolutionGuid = {87B1E647-8D40-4629-99AD-6740F0AFB93E}
	EndGlobalSection
EndGlobal
